
Microsoft Visual Studio Solution File, Format Version 12.00
# Visual Studio Version 17
VisualStudioVersion = 17.11.35312.102
MinimumVisualStudioVersion = 10.0.40219.1
Project("{888888A0-9F3D-457C-B088-3A5042F75D52}") = "BalancedScorecard.API", "BalancedScorecard.API\BalancedScorecard.API.pyproj", "{D7728594-5334-4222-A981-B755CC9C22D3}"
EndProject
Project("{FAE04EC0-301F-11D3-BF4B-00C04F79EFBC}") = "BalancedScorecard.PWA", "BalancedScorecard.PWA\BalancedScorecard.PWA.csproj", "{286AF5D0-D6AB-4045-94D5-C207AA8DA822}"
EndProject
Global
	GlobalSection(SolutionConfigurationPlatforms) = preSolution
		Debug|Any CPU = Debug|Any CPU
		Release|Any CPU = Release|Any CPU
	EndGlobalSection
	GlobalSection(ProjectConfigurationPlatforms) = postSolution
		{D7728594-5334-4222-A981-B755CC9C22D3}.Debug|Any CPU.ActiveCfg = Debug|Any CPU
		{D7728594-5334-4222-A981-B755CC9C22D3}.Debug|Any CPU.Build.0 = Debug|Any CPU
		{D7728594-5334-4222-A981-B755CC9C22D3}.Release|Any CPU.ActiveCfg = Release|Any CPU
		{D7728594-5334-4222-A981-B755CC9C22D3}.Release|Any CPU.Build.0 = Release|Any CPU
		{286AF5D0-D6AB-4045-94D5-C207AA8DA822}.Debug|Any CPU.ActiveCfg = Debug|Any CPU
		{286AF5D0-D6AB-4045-94D5-C207AA8DA822}.Debug|Any CPU.Build.0 = Debug|Any CPU
		{286AF5D0-D6AB-4045-94D5-C207AA8DA822}.Release|Any CPU.ActiveCfg = Release|Any CPU
		{286AF5D0-D6AB-4045-94D5-C207AA8DA822}.Release|Any CPU.Build.0 = Release|Any CPU
	EndGlobalSection
	GlobalSection(SolutionProperties) = preSolution
		HideSolutionNode = FALSE
	EndGlobalSection
	GlobalSection(ExtensibilityGlobals) = postSolution
		SolutionGuid = {6BAE9C5A-261B-46C9-AD1F-8F39BF4E6B0B}
	EndGlobalSection
EndGlobal
